
Microsoft Visual Studio Solution File, Format Version 10.00
# Visual Studio 2008
Project("{FAE04EC0-301F-11D3-BF4B-00C04F79EFBC}") = "DeMixer", "DeMixer\DeMixer.csproj", "{D4BDD76E-A657-455C-A2AF-8E0A2B127565}"
EndProject
Project("{FAE04EC0-301F-11D3-BF4B-00C04F79EFBC}") = "DeMixer.lib", "DeMixer.lib\DeMixer.lib.csproj", "{72F931A6-F049-4379-94E5-FAB51993EAB4}"
EndProject
Project("{FAE04EC0-301F-11D3-BF4B-00C04F79EFBC}") = "DeMixer.lib.std", "DeMixer.lib.std\DeMixer.lib.std.csproj", "{54FA25D0-53F4-4C27-A049-3C66E5B182A6}"
EndProject
Project("{2150E333-8FDC-42A3-9474-1A3956D46DE8}") = "tools", "tools", "{D596D417-6ADC-41F6-9ADE-287350826ABF}"
EndProject
Project("{2150E333-8FDC-42A3-9474-1A3956D46DE8}") = "plugins", "plugins", "{562AAEA0-576F-47C3-8553-E1C06CCC04FC}"
EndProject
Project("{FAE04EC0-301F-11D3-BF4B-00C04F79EFBC}") = "DeMixer.Source.Google", "DeMixer.Source.Google\DeMixer.Source.Google.csproj", "{148C4F06-68E5-4EA3-81E5-9D6415448CA8}"
EndProject
Project("{FAE04EC0-301F-11D3-BF4B-00C04F79EFBC}") = "DeMixer.Source.Flickr", "DeMixer.Source.Google\DeMixer.Source.Flickr\DeMixer.Source.Flickr.csproj", "{27802AA9-CF13-45D9-A348-FF2F2C888BC1}"
EndProject
Project("{FAE04EC0-301F-11D3-BF4B-00C04F79EFBC}") = "DeMixer.Source.Konachan", "DeMixer.Source.Google\DeMixer.Source.Konachan\DeMixer.Source.Konachan.csproj", "{21E28E1C-7204-4CFB-AF3E-46CAEF57BAE3}"
EndProject
Global
	GlobalSection(SolutionConfigurationPlatforms) = preSolution
		Debug|Any CPU = Debug|Any CPU
		Release|Any CPU = Release|Any CPU
	EndGlobalSection
	GlobalSection(ProjectConfigurationPlatforms) = postSolution
		{148C4F06-68E5-4EA3-81E5-9D6415448CA8}.Debug|Any CPU.ActiveCfg = Debug|Any CPU
		{148C4F06-68E5-4EA3-81E5-9D6415448CA8}.Debug|Any CPU.Build.0 = Debug|Any CPU
		{148C4F06-68E5-4EA3-81E5-9D6415448CA8}.Release|Any CPU.ActiveCfg = Release|Any CPU
		{148C4F06-68E5-4EA3-81E5-9D6415448CA8}.Release|Any CPU.Build.0 = Release|Any CPU
		{21E28E1C-7204-4CFB-AF3E-46CAEF57BAE3}.Debug|Any CPU.ActiveCfg = Debug|Any CPU
		{21E28E1C-7204-4CFB-AF3E-46CAEF57BAE3}.Debug|Any CPU.Build.0 = Debug|Any CPU
		{21E28E1C-7204-4CFB-AF3E-46CAEF57BAE3}.Release|Any CPU.ActiveCfg = Release|Any CPU
		{21E28E1C-7204-4CFB-AF3E-46CAEF57BAE3}.Release|Any CPU.Build.0 = Release|Any CPU
		{27802AA9-CF13-45D9-A348-FF2F2C888BC1}.Debug|Any CPU.ActiveCfg = Debug|Any CPU
		{27802AA9-CF13-45D9-A348-FF2F2C888BC1}.Debug|Any CPU.Build.0 = Debug|Any CPU
		{27802AA9-CF13-45D9-A348-FF2F2C888BC1}.Release|Any CPU.ActiveCfg = Release|Any CPU
		{27802AA9-CF13-45D9-A348-FF2F2C888BC1}.Release|Any CPU.Build.0 = Release|Any CPU
		{54FA25D0-53F4-4C27-A049-3C66E5B182A6}.Debug|Any CPU.ActiveCfg = Debug|Any CPU
		{54FA25D0-53F4-4C27-A049-3C66E5B182A6}.Debug|Any CPU.Build.0 = Debug|Any CPU
		{54FA25D0-53F4-4C27-A049-3C66E5B182A6}.Release|Any CPU.ActiveCfg = Release|Any CPU
		{54FA25D0-53F4-4C27-A049-3C66E5B182A6}.Release|Any CPU.Build.0 = Release|Any CPU
		{72F931A6-F049-4379-94E5-FAB51993EAB4}.Debug|Any CPU.ActiveCfg = Debug|Any CPU
		{72F931A6-F049-4379-94E5-FAB51993EAB4}.Debug|Any CPU.Build.0 = Debug|Any CPU
		{72F931A6-F049-4379-94E5-FAB51993EAB4}.Release|Any CPU.ActiveCfg = Release|Any CPU
		{72F931A6-F049-4379-94E5-FAB51993EAB4}.Release|Any CPU.Build.0 = Release|Any CPU
		{D4BDD76E-A657-455C-A2AF-8E0A2B127565}.Debug|Any CPU.ActiveCfg = Debug|Any CPU
		{D4BDD76E-A657-455C-A2AF-8E0A2B127565}.Debug|Any CPU.Build.0 = Debug|Any CPU
		{D4BDD76E-A657-455C-A2AF-8E0A2B127565}.Release|Any CPU.ActiveCfg = Release|Any CPU
		{D4BDD76E-A657-455C-A2AF-8E0A2B127565}.Release|Any CPU.Build.0 = Release|Any CPU
	EndGlobalSection
	GlobalSection(NestedProjects) = preSolution
		{148C4F06-68E5-4EA3-81E5-9D6415448CA8} = {562AAEA0-576F-47C3-8553-E1C06CCC04FC}
		{27802AA9-CF13-45D9-A348-FF2F2C888BC1} = {562AAEA0-576F-47C3-8553-E1C06CCC04FC}
		{21E28E1C-7204-4CFB-AF3E-46CAEF57BAE3} = {562AAEA0-576F-47C3-8553-E1C06CCC04FC}
	EndGlobalSection
	GlobalSection(MonoDevelopProperties) = preSolution
		StartupItem = DeMixer\DeMixer.csproj
	EndGlobalSection
EndGlobal
